{
    "name": "bds",
    "version": "0.0.1",
    "lockfileVersion": 3,
    "requires": true,
    "packages": {
        "": {
            "name": "bds",
            "version": "0.0.1",
            "dependencies": {
                "typescript": "^5.1.6"
            },
            "devDependencies": {
                "@types/node": "^20.4.9",
                "@types/vscode": "^1.81.0"
            },
            "engines": {
                "vscode": "^1.67.0"
            }
        },
        "node_modules/@types/node": {
            "version": "20.4.9",
            "resolved": "https://registry.npmjs.org/@types/node/-/node-20.4.9.tgz",
            "integrity": "sha512-8e2HYcg7ohnTUbHk8focoklEQYvemQmu9M/f43DZVx43kHn0tE3BY/6gSDxS7k0SprtS0NHvj+L80cGLnoOUcQ==",
            "dev": true
        },
        "node_modules/@types/vscode": {
            "version": "1.81.0",
            "resolved": "https://registry.npmjs.org/@types/vscode/-/vscode-1.81.0.tgz",
            "integrity": "sha512-YIaCwpT+O2E7WOMq0eCgBEABE++SX3Yl/O02GoMIF2DO3qAtvw7m6BXFYsxnc6XyzwZgh6/s/UG78LSSombl2w==",
            "dev": true
        },
        "node_modules/typescript": {
            "version": "5.1.6",
            "resolved": "https://registry.npmjs.org/typescript/-/typescript-5.1.6.tgz",
            "integrity": "sha512-zaWCozRZ6DLEWAWFrVDz1H6FVXzUSfTy5FUMWsQlU8Ym5JP9eO4xkTIROFCQvhQf61z6O/G6ugw3SgAnvvm+HA==",
            "bin": {
                "tsc": "bin/tsc",
                "tsserver": "bin/tsserver"
            },
            "engines": {
                "node": ">=14.17"
            }
        }
    }
}
