{
    "name": "bds-extension",
    "version": "0.1.0",
    "lockfileVersion": 3,
    "requires": true,
    "packages": {
        "": {
            "name": "bds-extension",
            "version": "0.1.0",
            "hasInstallScript": true,
            "devDependencies": {},
            "engines": {
                "vscode": "^1.81.1"
            }
        }
    }
}
